
Microsoft Visual Studio Solution File, Format Version 12.00
# Visual Studio Version 16
VisualStudioVersion = 16.0.30907.101
MinimumVisualStudioVersion = 10.0.40219.1
Project("{FAE04EC0-301F-11D3-BF4B-00C04F79EFBC}") = "Delegates", "Delegates\Delegates.csproj", "{7F867D9E-C428-4FCF-9B75-702A86C77BC0}"
EndProject
Global
	GlobalSection(SolutionConfigurationPlatforms) = preSolution
		Debug|Any CPU = Debug|Any CPU
		Release|Any CPU = Release|Any CPU
	EndGlobalSection
	GlobalSection(ProjectConfigurationPlatforms) = postSolution
		{7F867D9E-C428-4FCF-9B75-702A86C77BC0}.Debug|Any CPU.ActiveCfg = Debug|Any CPU
		{7F867D9E-C428-4FCF-9B75-702A86C77BC0}.Debug|Any CPU.Build.0 = Debug|Any CPU
		{7F867D9E-C428-4FCF-9B75-702A86C77BC0}.Release|Any CPU.ActiveCfg = Release|Any CPU
		{7F867D9E-C428-4FCF-9B75-702A86C77BC0}.Release|Any CPU.Build.0 = Release|Any CPU
	EndGlobalSection
	GlobalSection(SolutionProperties) = preSolution
		HideSolutionNode = FALSE
	EndGlobalSection
	GlobalSection(ExtensibilityGlobals) = postSolution
		SolutionGuid = {544BC83E-9C45-4F24-8E87-BD12CA5417BE}
	EndGlobalSection
EndGlobal
